<Solution>
  <Folder Name="/src/">
    <Project Path="src/Products.Api/Products.Api.csproj" />
    <Project Path="src/Products.Domain/Products.Domain.csproj" />
    <Project Path="src/Products.Infrastructure/Products.Infrastructure.csproj" />
  </Folder>
  <Folder Name="/tests/">
    <Project Path="tests/Products.Api.Tests/Products.Api.Tests.csproj" />
    <Project Path="tests/Products.Domain.Tests/Products.Domain.Tests.csproj" />
    <Project Path="tests/Products.Infrastructure.Tests/Products.Infrastructure.Tests.csproj" />
  </Folder>
</Solution>
